
Microsoft Visual Studio Solution File, Format Version 12.00
# Visual Studio Version 16
VisualStudioVersion = 16.0.30907.101
MinimumVisualStudioVersion = 10.0.40219.1
Project("{FAE04EC0-301F-11D3-BF4B-00C04F79EFBC}") = "Exceptions", "Exceptions\Exceptions.csproj", "{C56BCA13-5DBD-4E11-97F0-FFB9ECE24BE9}"
EndProject
Global
	GlobalSection(SolutionConfigurationPlatforms) = preSolution
		Debug|Any CPU = Debug|Any CPU
		Release|Any CPU = Release|Any CPU
	EndGlobalSection
	GlobalSection(ProjectConfigurationPlatforms) = postSolution
		{C56BCA13-5DBD-4E11-97F0-FFB9ECE24BE9}.Debug|Any CPU.ActiveCfg = Debug|Any CPU
		{C56BCA13-5DBD-4E11-97F0-FFB9ECE24BE9}.Debug|Any CPU.Build.0 = Debug|Any CPU
		{C56BCA13-5DBD-4E11-97F0-FFB9ECE24BE9}.Release|Any CPU.ActiveCfg = Release|Any CPU
		{C56BCA13-5DBD-4E11-97F0-FFB9ECE24BE9}.Release|Any CPU.Build.0 = Release|Any CPU
	EndGlobalSection
	GlobalSection(SolutionProperties) = preSolution
		HideSolutionNode = FALSE
	EndGlobalSection
	GlobalSection(ExtensibilityGlobals) = postSolution
		SolutionGuid = {B4ACEA0A-3472-486C-8271-D21C202D4A07}
	EndGlobalSection
EndGlobal
